// !$*UTF8*$!
{
	archiveVersion = 1;
	classes = {
	};
	objectVersion = 56;
	objects = {

/* Begin PBXBuildFile section */
		636F81A12A67A71D001E0735 /* AppDelegate.swift in Sources */ = {isa = PBXBuildFile; fileRef = 636F81A02A67A71D001E0735 /* AppDelegate.swift */; };
		636F81A32A67A71D001E0735 /* SceneDelegate.swift in Sources */ = {isa = PBXBuildFile; fileRef = 636F81A22A67A71D001E0735 /* SceneDelegate.swift */; };
		636F81A52A67A71D001E0735 /* FirstViewController.swift in Sources */ = {isa = PBXBuildFile; fileRef = 636F81A42A67A71D001E0735 /* FirstViewController.swift */; };
		636F81A82A67A71D001E0735 /* Main.storyboard in Resources */ = {isa = PBXBuildFile; fileRef = 636F81A62A67A71D001E0735 /* Main.storyboard */; };
		636F81AA2A67A71E001E0735 /* Assets.xcassets in Resources */ = {isa = PBXBuildFile; fileRef = 636F81A92A67A71E001E0735 /* Assets.xcassets */; };
		636F81AD2A67A71E001E0735 /* LaunchScreen.storyboard in Resources */ = {isa = PBXBuildFile; fileRef = 636F81AB2A67A71E001E0735 /* LaunchScreen.storyboard */; };
		636F81B82A67A71E001E0735 /* CounterTests.swift in Sources */ = {isa = PBXBuildFile; fileRef = 636F81B72A67A71E001E0735 /* CounterTests.swift */; };
		636F81C22A67A71E001E0735 /* CounterUITests.swift in Sources */ = {isa = PBXBuildFile; fileRef = 636F81C12A67A71E001E0735 /* CounterUITests.swift */; };
		636F81C42A67A71E001E0735 /* CounterUITestsLaunchTests.swift in Sources */ = {isa = PBXBuildFile; fileRef = 636F81C32A67A71E001E0735 /* CounterUITestsLaunchTests.swift */; };
		636F81D12A67ADB7001E0735 /* SecondViewController.swift in Sources */ = {isa = PBXBuildFile; fileRef = 636F81D02A67ADB7001E0735 /* SecondViewController.swift */; };
		636F81D32A67B094001E0735 /* CelsiusViewController.swift in Sources */ = {isa = PBXBuildFile; fileRef = 636F81D22A67B094001E0735 /* CelsiusViewController.swift */; };
		636F81D52A67B3F5001E0735 /* FahrenheitViewController.swift in Sources */ = {isa = PBXBuildFile; fileRef = 636F81D42A67B3F5001E0735 /* FahrenheitViewController.swift */; };
/* End PBXBuildFile section */

/* Begin PBXContainerItemProxy section */
		636F81B42A67A71E001E0735 /* PBXContainerItemProxy */ = {
			isa = PBXContainerItemProxy;
			containerPortal = 636F81952A67A71D001E0735 /* Project object */;
			proxyType = 1;
			remoteGlobalIDString = 636F819C2A67A71D001E0735;
			remoteInfo = Counter;
		};
		636F81BE2A67A71E001E0735 /* PBXContainerItemProxy */ = {
			isa = PBXContainerItemProxy;
			containerPortal = 636F81952A67A71D001E0735 /* Project object */;
			proxyType = 1;
			remoteGlobalIDString = 636F819C2A67A71D001E0735;
			remoteInfo = Counter;
		};
/* End PBXContainerItemProxy section */

/* Begin PBXFileReference section */
		636F819D2A67A71D001E0735 /* Counter.app */ = {isa = PBXFileReference; explicitFileType = wrapper.application; includeInIndex = 0; path = Counter.app; sourceTree = BUILT_PRODUCTS_DIR; };
		636F81A02A67A71D001E0735 /* AppDelegate.swift */ = {isa = PBXFileReference; lastKnownFileType = sourcecode.swift; path = AppDelegate.swift; sourceTree = "<group>"; };
		636F81A22A67A71D001E0735 /* SceneDelegate.swift */ = {isa = PBXFileReference; lastKnownFileType = sourcecode.swift; path = SceneDelegate.swift; sourceTree = "<group>"; };
		636F81A42A67A71D001E0735 /* FirstViewController.swift */ = {isa = PBXFileReference; lastKnownFileType = sourcecode.swift; path = FirstViewController.swift; sourceTree = "<group>"; };
		636F81A72A67A71D001E0735 /* Base */ = {isa = PBXFileReference; lastKnownFileType = file.storyboard; name = Base; path = Base.lproj/Main.storyboard; sourceTree = "<group>"; };
		636F81A92A67A71E001E0735 /* Assets.xcassets */ = {isa = PBXFileReference; lastKnownFileType = folder.assetcatalog; path = Assets.xcassets; sourceTree = "<group>"; };
		636F81AC2A67A71E001E0735 /* Base */ = {isa = PBXFileReference; lastKnownFileType = file.storyboard; name = Base; path = Base.lproj/LaunchScreen.storyboard; sourceTree = "<group>"; };
		636F81AE2A67A71E001E0735 /* Info.plist */ = {isa = PBXFileReference; lastKnownFileType = text.plist.xml; path = Info.plist; sourceTree = "<group>"; };
		636F81B32A67A71E001E0735 /* CounterTests.xctest */ = {isa = PBXFileReference; explicitFileType = wrapper.cfbundle; includeInIndex = 0; path = CounterTests.xctest; sourceTree = BUILT_PRODUCTS_DIR; };
		636F81B72A67A71E001E0735 /* CounterTests.swift */ = {isa = PBXFileReference; lastKnownFileType = sourcecode.swift; path = CounterTests.swift; sourceTree = "<group>"; };
		636F81BD2A67A71E001E0735 /* CounterUITests.xctest */ = {isa = PBXFileReference; explicitFileType = wrapper.cfbundle; includeInIndex = 0; path = CounterUITests.xctest; sourceTree = BUILT_PRODUCTS_DIR; };
		636F81C12A67A71E001E0735 /* CounterUITests.swift */ = {isa = PBXFileReference; lastKnownFileType = sourcecode.swift; path = CounterUITests.swift; sourceTree = "<group>"; };
		636F81C32A67A71E001E0735 /* CounterUITestsLaunchTests.swift */ = {isa = PBXFileReference; lastKnownFileType = sourcecode.swift; path = CounterUITestsLaunchTests.swift; sourceTree = "<group>"; };
		636F81D02A67ADB7001E0735 /* SecondViewController.swift */ = {isa = PBXFileReference; lastKnownFileType = sourcecode.swift; path = SecondViewController.swift; sourceTree = "<group>"; };
		636F81D22A67B094001E0735 /* CelsiusViewController.swift */ = {isa = PBXFileReference; lastKnownFileType = sourcecode.swift; path = CelsiusViewController.swift; sourceTree = "<group>"; };
		636F81D42A67B3F5001E0735 /* FahrenheitViewController.swift */ = {isa = PBXFileReference; lastKnownFileType = sourcecode.swift; path = FahrenheitViewController.swift; sourceTree = "<group>"; };
/* End PBXFileReference section */

/* Begin PBXFrameworksBuildPhase section */
		636F819A2A67A71D001E0735 /* Frameworks */ = {
			isa = PBXFrameworksBuildPhase;
			buildActionMask = 2147483647;
			files = (
			);
			runOnlyForDeploymentPostprocessing = 0;
		};
		636F81B02A67A71E001E0735 /* Frameworks */ = {
			isa = PBXFrameworksBuildPhase;
			buildActionMask = 2147483647;
			files = (
			);
			runOnlyForDeploymentPostprocessing = 0;
		};
		636F81BA2A67A71E001E0735 /* Frameworks */ = {
			isa = PBXFrameworksBuildPhase;
			buildActionMask = 2147483647;
			files = (
			);
			runOnlyForDeploymentPostprocessing = 0;
		};
/* End PBXFrameworksBuildPhase section */

/* Begin PBXGroup section */
		636F81942A67A71D001E0735 = {
			isa = PBXGroup;
			children = (
				636F819F2A67A71D001E0735 /* Counter */,
				636F81B62A67A71E001E0735 /* CounterTests */,
				636F81C02A67A71E001E0735 /* CounterUITests */,
				636F819E2A67A71D001E0735 /* Products */,
			);
			sourceTree = "<group>";
		};
		636F819E2A67A71D001E0735 /* Products */ = {
			isa = PBXGroup;
			children = (
				636F819D2A67A71D001E0735 /* Counter.app */,
				636F81B32A67A71E001E0735 /* CounterTests.xctest */,
				636F81BD2A67A71E001E0735 /* CounterUITests.xctest */,
			);
			name = Products;
			sourceTree = "<group>";
		};
		636F819F2A67A71D001E0735 /* Counter */ = {
			isa = PBXGroup;
			children = (
				636F81A02A67A71D001E0735 /* AppDelegate.swift */,
				636F81A22A67A71D001E0735 /* SceneDelegate.swift */,
				636F81A42A67A71D001E0735 /* FirstViewController.swift */,
				636F81D02A67ADB7001E0735 /* SecondViewController.swift */,
				636F81D22A67B094001E0735 /* CelsiusViewController.swift */,
				636F81D42A67B3F5001E0735 /* FahrenheitViewController.swift */,
				636F81A62A67A71D001E0735 /* Main.storyboard */,
				636F81A92A67A71E001E0735 /* Assets.xcassets */,
				636F81AB2A67A71E001E0735 /* LaunchScreen.storyboard */,
				636F81AE2A67A71E001E0735 /* Info.plist */,
			);
			path = Counter;
			sourceTree = "<group>";
		};
		636F81B62A67A71E001E0735 /* CounterTests */ = {
			isa = PBXGroup;
			children = (
				636F81B72A67A71E001E0735 /* CounterTests.swift */,
			);
			path = CounterTests;
			sourceTree = "<group>";
		};
		636F81C02A67A71E001E0735 /* CounterUITests */ = {
			isa = PBXGroup;
			children = (
				636F81C12A67A71E001E0735 /* CounterUITests.swift */,
				636F81C32A67A71E001E0735 /* CounterUITestsLaunchTests.swift */,
			);
			path = CounterUITests;
			sourceTree = "<group>";
		};
/* End PBXGroup section */

/* Begin PBXNativeTarget section */
		636F819C2A67A71D001E0735 /* Counter */ = {
			isa = PBXNativeTarget;
			buildConfigurationList = 636F81C72A67A71E001E0735 /* Build configuration list for PBXNativeTarget "Counter" */;
			buildPhases = (
				636F81992A67A71D001E0735 /* Sources */,
				636F819A2A67A71D001E0735 /* Frameworks */,
				636F819B2A67A71D001E0735 /* Resources */,
			);
			buildRules = (
			);
			dependencies = (
			);
			name = Counter;
			productName = Counter;
			productReference = 636F819D2A67A71D001E0735 /* Counter.app */;
			productType = "com.apple.product-type.application";
		};
		636F81B22A67A71E001E0735 /* CounterTests */ = {
			isa = PBXNativeTarget;
			buildConfigurationList = 636F81CA2A67A71E001E0735 /* Build configuration list for PBXNativeTarget "CounterTests" */;
			buildPhases = (
				636F81AF2A67A71E001E0735 /* Sources */,
				636F81B02A67A71E001E0735 /* Frameworks */,
				636F81B12A67A71E001E0735 /* Resources */,
			);
			buildRules = (
			);
			dependencies = (
				636F81B52A67A71E001E0735 /* PBXTargetDependency */,
			);
			name = CounterTests;
			productName = CounterTests;
			productReference = 636F81B32A67A71E001E0735 /* CounterTests.xctest */;
			productType = "com.apple.product-type.bundle.unit-test";
		};
		636F81BC2A67A71E001E0735 /* CounterUITests */ = {
			isa = PBXNativeTarget;
			buildConfigurationList = 636F81CD2A67A71E001E0735 /* Build configuration list for PBXNativeTarget "CounterUITests" */;
			buildPhases = (
				636F81B92A67A71E001E0735 /* Sources */,
				636F81BA2A67A71E001E0735 /* Frameworks */,
				636F81BB2A67A71E001E0735 /* Resources */,
			);
			buildRules = (
			);
			dependencies = (
				636F81BF2A67A71E001E0735 /* PBXTargetDependency */,
			);
			name = CounterUITests;
			productName = CounterUITests;
			productReference = 636F81BD2A67A71E001E0735 /* CounterUITests.xctest */;
			productType = "com.apple.product-type.bundle.ui-testing";
		};
/* End PBXNativeTarget section */

/* Begin PBXProject section */
		636F81952A67A71D001E0735 /* Project object */ = {
			isa = PBXProject;
			attributes = {
				BuildIndependentTargetsInParallel = 1;
				LastSwiftUpdateCheck = 1430;
				LastUpgradeCheck = 1430;
				TargetAttributes = {
					636F819C2A67A71D001E0735 = {
						CreatedOnToolsVersion = 14.3.1;
					};
					636F81B22A67A71E001E0735 = {
						CreatedOnToolsVersion = 14.3.1;
						TestTargetID = 636F819C2A67A71D001E0735;
					};
					636F81BC2A67A71E001E0735 = {
						CreatedOnToolsVersion = 14.3.1;
						TestTargetID = 636F819C2A67A71D001E0735;
					};
				};
			};
			buildConfigurationList = 636F81982A67A71D001E0735 /* Build configuration list for PBXProject "Counter" */;
			compatibilityVersion = "Xcode 14.0";
			developmentRegion = en;
			hasScannedForEncodings = 0;
			knownRegions = (
				en,
				Base,
			);
			mainGroup = 636F81942A67A71D001E0735;
			productRefGroup = 636F819E2A67A71D001E0735 /* Products */;
			projectDirPath = "";
			projectRoot = "";
			targets = (
				636F819C2A67A71D001E0735 /* Counter */,
				636F81B22A67A71E001E0735 /* CounterTests */,
				636F81BC2A67A71E001E0735 /* CounterUITests */,
			);
		};
/* End PBXProject section */

/* Begin PBXResourcesBuildPhase section */
		636F819B2A67A71D001E0735 /* Resources */ = {
			isa = PBXResourcesBuildPhase;
			buildActionMask = 2147483647;
			files = (
				636F81AD2A67A71E001E0735 /* LaunchScreen.storyboard in Resources */,
				636F81AA2A67A71E001E0735 /* Assets.xcassets in Resources */,
				636F81A82A67A71D001E0735 /* Main.storyboard in Resources */,
			);
			runOnlyForDeploymentPostprocessing = 0;
		};
		636F81B12A67A71E001E0735 /* Resources */ = {
			isa = PBXResourcesBuildPhase;
			buildActionMask = 2147483647;
			files = (
			);
			runOnlyForDeploymentPostprocessing = 0;
		};
		636F81BB2A67A71E001E0735 /* Resources */ = {
			isa = PBXResourcesBuildPhase;
			buildActionMask = 2147483647;
			files = (
			);
			runOnlyForDeploymentPostprocessing = 0;
		};
/* End PBXResourcesBuildPhase section */

/* Begin PBXSourcesBuildPhase section */
		636F81992A67A71D001E0735 /* Sources */ = {
			isa = PBXSourcesBuildPhase;
			buildActionMask = 2147483647;
			files = (
				636F81D32A67B094001E0735 /* CelsiusViewController.swift in Sources */,
				636F81A52A67A71D001E0735 /* FirstViewController.swift in Sources */,
				636F81D52A67B3F5001E0735 /* FahrenheitViewController.swift in Sources */,
				636F81A12A67A71D001E0735 /* AppDelegate.swift in Sources */,
				636F81D12A67ADB7001E0735 /* SecondViewController.swift in Sources */,
				636F81A32A67A71D001E0735 /* SceneDelegate.swift in Sources */,
			);
			runOnlyForDeploymentPostprocessing = 0;
		};
		636F81AF2A67A71E001E0735 /* Sources */ = {
			isa = PBXSourcesBuildPhase;
			buildActionMask = 2147483647;
			files = (
				636F81B82A67A71E001E0735 /* CounterTests.swift in Sources */,
			);
			runOnlyForDeploymentPostprocessing = 0;
		};
		636F81B92A67A71E001E0735 /* Sources */ = {
			isa = PBXSourcesBuildPhase;
			buildActionMask = 2147483647;
			files = (
				636F81C22A67A71E001E0735 /* CounterUITests.swift in Sources */,
				636F81C42A67A71E001E0735 /* CounterUITestsLaunchTests.swift in Sources */,
			);
			runOnlyForDeploymentPostprocessing = 0;
		};
/* End PBXSourcesBuildPhase section */

/* Begin PBXTargetDependency section */
		636F81B52A67A71E001E0735 /* PBXTargetDependency */ = {
			isa = PBXTargetDependency;
			target = 636F819C2A67A71D001E0735 /* Counter */;
			targetProxy = 636F81B42A67A71E001E0735 /* PBXContainerItemProxy */;
		};
		636F81BF2A67A71E001E0735 /* PBXTargetDependency */ = {
			isa = PBXTargetDependency;
			target = 636F819C2A67A71D001E0735 /* Counter */;
			targetProxy = 636F81BE2A67A71E001E0735 /* PBXContainerItemProxy */;
		};
/* End PBXTargetDependency section */

/* Begin PBXVariantGroup section */
		636F81A62A67A71D001E0735 /* Main.storyboard */ = {
			isa = PBXVariantGroup;
			children = (
				636F81A72A67A71D001E0735 /* Base */,
			);
			name = Main.storyboard;
			sourceTree = "<group>";
		};
		636F81AB2A67A71E001E0735 /* LaunchScreen.storyboard */ = {
			isa = PBXVariantGroup;
			children = (
				636F81AC2A67A71E001E0735 /* Base */,
			);
			name = LaunchScreen.storyboard;
			sourceTree = "<group>";
		};
/* End PBXVariantGroup section */

/* Begin XCBuildConfiguration section */
		636F81C52A67A71E001E0735 /* Debug */ = {
			isa = XCBuildConfiguration;
			buildSettings = {
				ALWAYS_SEARCH_USER_PATHS = NO;
				CLANG_ANALYZER_NONNULL = YES;
				CLANG_ANALYZER_NUMBER_OBJECT_CONVERSION = YES_AGGRESSIVE;
				CLANG_CXX_LANGUAGE_STANDARD = "gnu++20";
				CLANG_ENABLE_MODULES = YES;
				CLANG_ENABLE_OBJC_ARC = YES;
				CLANG_ENABLE_OBJC_WEAK = YES;
				CLANG_WARN_BLOCK_CAPTURE_AUTORELEASING = YES;
				CLANG_WARN_BOOL_CONVERSION = YES;
				CLANG_WARN_COMMA = YES;
				CLANG_WARN_CONSTANT_CONVERSION = YES;
				CLANG_WARN_DEPRECATED_OBJC_IMPLEMENTATIONS = YES;
				CLANG_WARN_DIRECT_OBJC_ISA_USAGE = YES_ERROR;
				CLANG_WARN_DOCUMENTATION_COMMENTS = YES;
				CLANG_WARN_EMPTY_BODY = YES;
				CLANG_WARN_ENUM_CONVERSION = YES;
				CLANG_WARN_INFINITE_RECURSION = YES;
				CLANG_WARN_INT_CONVERSION = YES;
				CLANG_WARN_NON_LITERAL_NULL_CONVERSION = YES;
				CLANG_WARN_OBJC_IMPLICIT_RETAIN_SELF = YES;
				CLANG_WARN_OBJC_LITERAL_CONVERSION = YES;
				CLANG_WARN_OBJC_ROOT_CLASS = YES_ERROR;
				CLANG_WARN_QUOTED_INCLUDE_IN_FRAMEWORK_HEADER = YES;
				CLANG_WARN_RANGE_LOOP_ANALYSIS = YES;
				CLANG_WARN_STRICT_PROTOTYPES = YES;
				CLANG_WARN_SUSPICIOUS_MOVE = YES;
				CLANG_WARN_UNGUARDED_AVAILABILITY = YES_AGGRESSIVE;
				CLANG_WARN_UNREACHABLE_CODE = YES;
				CLANG_WARN__DUPLICATE_METHOD_MATCH = YES;
				COPY_PHASE_STRIP = NO;
				DEBUG_INFORMATION_FORMAT = dwarf;
				ENABLE_STRICT_OBJC_MSGSEND = YES;
				ENABLE_TESTABILITY = YES;
				GCC_C_LANGUAGE_STANDARD = gnu11;
				GCC_DYNAMIC_NO_PIC = NO;
				GCC_NO_COMMON_BLOCKS = YES;
				GCC_OPTIMIZATION_LEVEL = 0;
				GCC_PREPROCESSOR_DEFINITIONS = (
					"DEBUG=1",
					"$(inherited)",
				);
				GCC_WARN_64_TO_32_BIT_CONVERSION = YES;
				GCC_WARN_ABOUT_RETURN_TYPE = YES_ERROR;
				GCC_WARN_UNDECLARED_SELECTOR = YES;
				GCC_WARN_UNINITIALIZED_AUTOS = YES_AGGRESSIVE;
				GCC_WARN_UNUSED_FUNCTION = YES;
				GCC_WARN_UNUSED_VARIABLE = YES;
				IPHONEOS_DEPLOYMENT_TARGET = 16.4;
				MTL_ENABLE_DEBUG_INFO = INCLUDE_SOURCE;
				MTL_FAST_MATH = YES;
				ONLY_ACTIVE_ARCH = YES;
				SDKROOT = iphoneos;
				SWIFT_ACTIVE_COMPILATION_CONDITIONS = DEBUG;
				SWIFT_OPTIMIZATION_LEVEL = "-Onone";
			};
			name = Debug;
		};
		636F81C62A67A71E001E0735 /* Release */ = {
			isa = XCBuildConfiguration;
			buildSettings = {
				ALWAYS_SEARCH_USER_PATHS = NO;
				CLANG_ANALYZER_NONNULL = YES;
				CLANG_ANALYZER_NUMBER_OBJECT_CONVERSION = YES_AGGRESSIVE;
				CLANG_CXX_LANGUAGE_STANDARD = "gnu++20";
				CLANG_ENABLE_MODULES = YES;
				CLANG_ENABLE_OBJC_ARC = YES;
				CLANG_ENABLE_OBJC_WEAK = YES;
				CLANG_WARN_BLOCK_CAPTURE_AUTORELEASING = YES;
				CLANG_WARN_BOOL_CONVERSION = YES;
				CLANG_WARN_COMMA = YES;
				CLANG_WARN_CONSTANT_CONVERSION = YES;
				CLANG_WARN_DEPRECATED_OBJC_IMPLEMENTATIONS = YES;
				CLANG_WARN_DIRECT_OBJC_ISA_USAGE = YES_ERROR;
				CLANG_WARN_DOCUMENTATION_COMMENTS = YES;
				CLANG_WARN_EMPTY_BODY = YES;
				CLANG_WARN_ENUM_CONVERSION = YES;
				CLANG_WARN_INFINITE_RECURSION = YES;
				CLANG_WARN_INT_CONVERSION = YES;
				CLANG_WARN_NON_LITERAL_NULL_CONVERSION = YES;
				CLANG_WARN_OBJC_IMPLICIT_RETAIN_SELF = YES;
				CLANG_WARN_OBJC_LITERAL_CONVERSION = YES;
				CLANG_WARN_OBJC_ROOT_CLASS = YES_ERROR;
				CLANG_WARN_QUOTED_INCLUDE_IN_FRAMEWORK_HEADER = YES;
				CLANG_WARN_RANGE_LOOP_ANALYSIS = YES;
				CLANG_WARN_STRICT_PROTOTYPES = YES;
				CLANG_WARN_SUSPICIOUS_MOVE = YES;
				CLANG_WARN_UNGUARDED_AVAILABILITY = YES_AGGRESSIVE;
				CLANG_WARN_UNREACHABLE_CODE = YES;
				CLANG_WARN__DUPLICATE_METHOD_MATCH = YES;
				COPY_PHASE_STRIP = NO;
				DEBUG_INFORMATION_FORMAT = "dwarf-with-dsym";
				ENABLE_NS_ASSERTIONS = NO;
				ENABLE_STRICT_OBJC_MSGSEND = YES;
				GCC_C_LANGUAGE_STANDARD = gnu11;
				GCC_NO_COMMON_BLOCKS = YES;
				GCC_WARN_64_TO_32_BIT_CONVERSION = YES;
				GCC_WARN_ABOUT_RETURN_TYPE = YES_ERROR;
				GCC_WARN_UNDECLARED_SELECTOR = YES;
				GCC_WARN_UNINITIALIZED_AUTOS = YES_AGGRESSIVE;
				GCC_WARN_UNUSED_FUNCTION = YES;
				GCC_WARN_UNUSED_VARIABLE = YES;
				IPHONEOS_DEPLOYMENT_TARGET = 16.4;
				MTL_ENABLE_DEBUG_INFO = NO;
				MTL_FAST_MATH = YES;
				SDKROOT = iphoneos;
				SWIFT_COMPILATION_MODE = wholemodule;
				SWIFT_OPTIMIZATION_LEVEL = "-O";
				VALIDATE_PRODUCT = YES;
			};
			name = Release;
		};
		636F81C82A67A71E001E0735 /* Debug */ = {
			isa = XCBuildConfiguration;
			buildSettings = {
				ASSETCATALOG_COMPILER_APPICON_NAME = AppIcon;
				ASSETCATALOG_COMPILER_GLOBAL_ACCENT_COLOR_NAME = AccentColor;
				CODE_SIGN_STYLE = Automatic;
				CURRENT_PROJECT_VERSION = 1;
				DEVELOPMENT_TEAM = 27D5J6PZJG;
				GENERATE_INFOPLIST_FILE = YES;
				INFOPLIST_FILE = Counter/Info.plist;
				INFOPLIST_KEY_UIApplicationSupportsIndirectInputEvents = YES;
				INFOPLIST_KEY_UILaunchStoryboardName = LaunchScreen;
				INFOPLIST_KEY_UIMainStoryboardFile = Main;
				INFOPLIST_KEY_UISupportedInterfaceOrientations_iPad = "UIInterfaceOrientationPortrait UIInterfaceOrientationPortraitUpsideDown UIInterfaceOrientationLandscapeLeft UIInterfaceOrientationLandscapeRight";
				INFOPLIST_KEY_UISupportedInterfaceOrientations_iPhone = "UIInterfaceOrientationPortrait UIInterfaceOrientationLandscapeLeft UIInterfaceOrientationLandscapeRight";
				LD_RUNPATH_SEARCH_PATHS = (
					"$(inherited)",
					"@executable_path/Frameworks",
				);
				MARKETING_VERSION = 1.0;
				PRODUCT_BUNDLE_IDENTIFIER = com.seungjun.Counter;
				PRODUCT_NAME = "$(TARGET_NAME)";
				SWIFT_EMIT_LOC_STRINGS = YES;
				SWIFT_VERSION = 5.0;
				TARGETED_DEVICE_FAMILY = "1,2";
			};
			name = Debug;
		};
		636F81C92A67A71E001E0735 /* Release */ = {
			isa = XCBuildConfiguration;
			buildSettings = {
				ASSETCATALOG_COMPILER_APPICON_NAME = AppIcon;
				ASSETCATALOG_COMPILER_GLOBAL_ACCENT_COLOR_NAME = AccentColor;
				CODE_SIGN_STYLE = Automatic;
				CURRENT_PROJECT_VERSION = 1;
				DEVELOPMENT_TEAM = 27D5J6PZJG;
				GENERATE_INFOPLIST_FILE = YES;
				INFOPLIST_FILE = Counter/Info.plist;
				INFOPLIST_KEY_UIApplicationSupportsIndirectInputEvents = YES;
				INFOPLIST_KEY_UILaunchStoryboardName = LaunchScreen;
				INFOPLIST_KEY_UIMainStoryboardFile = Main;
				INFOPLIST_KEY_UISupportedInterfaceOrientations_iPad = "UIInterfaceOrientationPortrait UIInterfaceOrientationPortraitUpsideDown UIInterfaceOrientationLandscapeLeft UIInterfaceOrientationLandscapeRight";
				INFOPLIST_KEY_UISupportedInterfaceOrientations_iPhone = "UIInterfaceOrientationPortrait UIInterfaceOrientationLandscapeLeft UIInterfaceOrientationLandscapeRight";
				LD_RUNPATH_SEARCH_PATHS = (
					"$(inherited)",
					"@executable_path/Frameworks",
				);
				MARKETING_VERSION = 1.0;
				PRODUCT_BUNDLE_IDENTIFIER = com.seungjun.Counter;
				PRODUCT_NAME = "$(TARGET_NAME)";
				SWIFT_EMIT_LOC_STRINGS = YES;
				SWIFT_VERSION = 5.0;
				TARGETED_DEVICE_FAMILY = "1,2";
			};
			name = Release;
		};
		636F81CB2A67A71E001E0735 /* Debug */ = {
			isa = XCBuildConfiguration;
			buildSettings = {
				ALWAYS_EMBED_SWIFT_STANDARD_LIBRARIES = YES;
				BUNDLE_LOADER = "$(TEST_HOST)";
				CODE_SIGN_STYLE = Automatic;
				CURRENT_PROJECT_VERSION = 1;
				DEVELOPMENT_TEAM = 27D5J6PZJG;
				GENERATE_INFOPLIST_FILE = YES;
				IPHONEOS_DEPLOYMENT_TARGET = 16.4;
				MARKETING_VERSION = 1.0;
				PRODUCT_BUNDLE_IDENTIFIER = com.seungjun.CounterTests;
				PRODUCT_NAME = "$(TARGET_NAME)";
				SWIFT_EMIT_LOC_STRINGS = NO;
				SWIFT_VERSION = 5.0;
				TARGETED_DEVICE_FAMILY = "1,2";
				TEST_HOST = "$(BUILT_PRODUCTS_DIR)/Counter.app/$(BUNDLE_EXECUTABLE_FOLDER_PATH)/Counter";
			};
			name = Debug;
		};
		636F81CC2A67A71E001E0735 /* Release */ = {
			isa = XCBuildConfiguration;
			buildSettings = {
				ALWAYS_EMBED_SWIFT_STANDARD_LIBRARIES = YES;
				BUNDLE_LOADER = "$(TEST_HOST)";
				CODE_SIGN_STYLE = Automatic;
				CURRENT_PROJECT_VERSION = 1;
				DEVELOPMENT_TEAM = 27D5J6PZJG;
				GENERATE_INFOPLIST_FILE = YES;
				IPHONEOS_DEPLOYMENT_TARGET = 16.4;
				MARKETING_VERSION = 1.0;
				PRODUCT_BUNDLE_IDENTIFIER = com.seungjun.CounterTests;
				PRODUCT_NAME = "$(TARGET_NAME)";
				SWIFT_EMIT_LOC_STRINGS = NO;
				SWIFT_VERSION = 5.0;
				TARGETED_DEVICE_FAMILY = "1,2";
				TEST_HOST = "$(BUILT_PRODUCTS_DIR)/Counter.app/$(BUNDLE_EXECUTABLE_FOLDER_PATH)/Counter";
			};
			name = Release;
		};
		636F81CE2A67A71E001E0735 /* Debug */ = {
			isa = XCBuildConfiguration;
			buildSettings = {
				ALWAYS_EMBED_SWIFT_STANDARD_LIBRARIES = YES;
				CODE_SIGN_STYLE = Automatic;
				CURRENT_PROJECT_VERSION = 1;
				DEVELOPMENT_TEAM = 27D5J6PZJG;
				GENERATE_INFOPLIST_FILE = YES;
				MARKETING_VERSION = 1.0;
				PRODUCT_BUNDLE_IDENTIFIER = com.seungjun.CounterUITests;
				PRODUCT_NAME = "$(TARGET_NAME)";
				SWIFT_EMIT_LOC_STRINGS = NO;
				SWIFT_VERSION = 5.0;
				TARGETED_DEVICE_FAMILY = "1,2";
				TEST_TARGET_NAME = Counter;
			};
			name = Debug;
		};
		636F81CF2A67A71E001E0735 /* Release */ = {
			isa = XCBuildConfiguration;
			buildSettings = {
				ALWAYS_EMBED_SWIFT_STANDARD_LIBRARIES = YES;
				CODE_SIGN_STYLE = Automatic;
				CURRENT_PROJECT_VERSION = 1;
				DEVELOPMENT_TEAM = 27D5J6PZJG;
				GENERATE_INFOPLIST_FILE = YES;
				MARKETING_VERSION = 1.0;
				PRODUCT_BUNDLE_IDENTIFIER = com.seungjun.CounterUITests;
				PRODUCT_NAME = "$(TARGET_NAME)";
				SWIFT_EMIT_LOC_STRINGS = NO;
				SWIFT_VERSION = 5.0;
				TARGETED_DEVICE_FAMILY = "1,2";
				TEST_TARGET_NAME = Counter;
			};
			name = Release;
		};
/* End XCBuildConfiguration section */

/* Begin XCConfigurationList section */
		636F81982A67A71D001E0735 /* Build configuration list for PBXProject "Counter" */ = {
			isa = XCConfigurationList;
			buildConfigurations = (
				636F81C52A67A71E001E0735 /* Debug */,
				636F81C62A67A71E001E0735 /* Release */,
			);
			defaultConfigurationIsVisible = 0;
			defaultConfigurationName = Release;
		};
		636F81C72A67A71E001E0735 /* Build configuration list for PBXNativeTarget "Counter" */ = {
			isa = XCConfigurationList;
			buildConfigurations = (
				636F81C82A67A71E001E0735 /* Debug */,
				636F81C92A67A71E001E0735 /* Release */,
			);
			defaultConfigurationIsVisible = 0;
			defaultConfigurationName = Release;
		};
		636F81CA2A67A71E001E0735 /* Build configuration list for PBXNativeTarget "CounterTests" */ = {
			isa = XCConfigurationList;
			buildConfigurations = (
				636F81CB2A67A71E001E0735 /* Debug */,
				636F81CC2A67A71E001E0735 /* Release */,
			);
			defaultConfigurationIsVisible = 0;
			defaultConfigurationName = Release;
		};
		636F81CD2A67A71E001E0735 /* Build configuration list for PBXNativeTarget "CounterUITests" */ = {
			isa = XCConfigurationList;
			buildConfigurations = (
				636F81CE2A67A71E001E0735 /* Debug */,
				636F81CF2A67A71E001E0735 /* Release */,
			);
			defaultConfigurationIsVisible = 0;
			defaultConfigurationName = Release;
		};
/* End XCConfigurationList section */
	};
	rootObject = 636F81952A67A71D001E0735 /* Project object */;
}
