// !$*UTF8*$!
{
	archiveVersion = 1;
	classes = {
	};
	objectVersion = 56;
	objects = {

/* Begin PBXBuildFile section */
		63B2DE5F2A612EA80075AEE3 /* AppDelegate.swift in Sources */ = {isa = PBXBuildFile; fileRef = 63B2DE5E2A612EA80075AEE3 /* AppDelegate.swift */; };
		63B2DE612A612EA80075AEE3 /* SceneDelegate.swift in Sources */ = {isa = PBXBuildFile; fileRef = 63B2DE602A612EA80075AEE3 /* SceneDelegate.swift */; };
		63B2DE632A612EA80075AEE3 /* ViewController.swift in Sources */ = {isa = PBXBuildFile; fileRef = 63B2DE622A612EA80075AEE3 /* ViewController.swift */; };
		63B2DE662A612EA80075AEE3 /* Main.storyboard in Resources */ = {isa = PBXBuildFile; fileRef = 63B2DE642A612EA80075AEE3 /* Main.storyboard */; };
		63B2DE682A612EA90075AEE3 /* Assets.xcassets in Resources */ = {isa = PBXBuildFile; fileRef = 63B2DE672A612EA90075AEE3 /* Assets.xcassets */; };
		63B2DE6B2A612EA90075AEE3 /* LaunchScreen.storyboard in Resources */ = {isa = PBXBuildFile; fileRef = 63B2DE692A612EA90075AEE3 /* LaunchScreen.storyboard */; };
		63B2DE762A612EA90075AEE3 /* GraphKitTests.swift in Sources */ = {isa = PBXBuildFile; fileRef = 63B2DE752A612EA90075AEE3 /* GraphKitTests.swift */; };
		63B2DE802A612EA90075AEE3 /* GraphKitUITests.swift in Sources */ = {isa = PBXBuildFile; fileRef = 63B2DE7F2A612EA90075AEE3 /* GraphKitUITests.swift */; };
		63B2DE822A612EA90075AEE3 /* GraphKitUITestsLaunchTests.swift in Sources */ = {isa = PBXBuildFile; fileRef = 63B2DE812A612EA90075AEE3 /* GraphKitUITestsLaunchTests.swift */; };
/* End PBXBuildFile section */

/* Begin PBXContainerItemProxy section */
		63B2DE722A612EA90075AEE3 /* PBXContainerItemProxy */ = {
			isa = PBXContainerItemProxy;
			containerPortal = 63B2DE532A612EA80075AEE3 /* Project object */;
			proxyType = 1;
			remoteGlobalIDString = 63B2DE5A2A612EA80075AEE3;
			remoteInfo = GraphKit;
		};
		63B2DE7C2A612EA90075AEE3 /* PBXContainerItemProxy */ = {
			isa = PBXContainerItemProxy;
			containerPortal = 63B2DE532A612EA80075AEE3 /* Project object */;
			proxyType = 1;
			remoteGlobalIDString = 63B2DE5A2A612EA80075AEE3;
			remoteInfo = GraphKit;
		};
/* End PBXContainerItemProxy section */

/* Begin PBXFileReference section */
		63B2DE5B2A612EA80075AEE3 /* GraphKit.app */ = {isa = PBXFileReference; explicitFileType = wrapper.application; includeInIndex = 0; path = GraphKit.app; sourceTree = BUILT_PRODUCTS_DIR; };
		63B2DE5E2A612EA80075AEE3 /* AppDelegate.swift */ = {isa = PBXFileReference; lastKnownFileType = sourcecode.swift; path = AppDelegate.swift; sourceTree = "<group>"; };
		63B2DE602A612EA80075AEE3 /* SceneDelegate.swift */ = {isa = PBXFileReference; lastKnownFileType = sourcecode.swift; path = SceneDelegate.swift; sourceTree = "<group>"; };
		63B2DE622A612EA80075AEE3 /* ViewController.swift */ = {isa = PBXFileReference; lastKnownFileType = sourcecode.swift; path = ViewController.swift; sourceTree = "<group>"; };
		63B2DE652A612EA80075AEE3 /* Base */ = {isa = PBXFileReference; lastKnownFileType = file.storyboard; name = Base; path = Base.lproj/Main.storyboard; sourceTree = "<group>"; };
		63B2DE672A612EA90075AEE3 /* Assets.xcassets */ = {isa = PBXFileReference; lastKnownFileType = folder.assetcatalog; path = Assets.xcassets; sourceTree = "<group>"; };
		63B2DE6A2A612EA90075AEE3 /* Base */ = {isa = PBXFileReference; lastKnownFileType = file.storyboard; name = Base; path = Base.lproj/LaunchScreen.storyboard; sourceTree = "<group>"; };
		63B2DE6C2A612EA90075AEE3 /* Info.plist */ = {isa = PBXFileReference; lastKnownFileType = text.plist.xml; path = Info.plist; sourceTree = "<group>"; };
		63B2DE712A612EA90075AEE3 /* GraphKitTests.xctest */ = {isa = PBXFileReference; explicitFileType = wrapper.cfbundle; includeInIndex = 0; path = GraphKitTests.xctest; sourceTree = BUILT_PRODUCTS_DIR; };
		63B2DE752A612EA90075AEE3 /* GraphKitTests.swift */ = {isa = PBXFileReference; lastKnownFileType = sourcecode.swift; path = GraphKitTests.swift; sourceTree = "<group>"; };
		63B2DE7B2A612EA90075AEE3 /* GraphKitUITests.xctest */ = {isa = PBXFileReference; explicitFileType = wrapper.cfbundle; includeInIndex = 0; path = GraphKitUITests.xctest; sourceTree = BUILT_PRODUCTS_DIR; };
		63B2DE7F2A612EA90075AEE3 /* GraphKitUITests.swift */ = {isa = PBXFileReference; lastKnownFileType = sourcecode.swift; path = GraphKitUITests.swift; sourceTree = "<group>"; };
		63B2DE812A612EA90075AEE3 /* GraphKitUITestsLaunchTests.swift */ = {isa = PBXFileReference; lastKnownFileType = sourcecode.swift; path = GraphKitUITestsLaunchTests.swift; sourceTree = "<group>"; };
/* End PBXFileReference section */

/* Begin PBXFrameworksBuildPhase section */
		63B2DE582A612EA80075AEE3 /* Frameworks */ = {
			isa = PBXFrameworksBuildPhase;
			buildActionMask = 2147483647;
			files = (
			);
			runOnlyForDeploymentPostprocessing = 0;
		};
		63B2DE6E2A612EA90075AEE3 /* Frameworks */ = {
			isa = PBXFrameworksBuildPhase;
			buildActionMask = 2147483647;
			files = (
			);
			runOnlyForDeploymentPostprocessing = 0;
		};
		63B2DE782A612EA90075AEE3 /* Frameworks */ = {
			isa = PBXFrameworksBuildPhase;
			buildActionMask = 2147483647;
			files = (
			);
			runOnlyForDeploymentPostprocessing = 0;
		};
/* End PBXFrameworksBuildPhase section */

/* Begin PBXGroup section */
		63B2DE522A612EA80075AEE3 = {
			isa = PBXGroup;
			children = (
				63B2DE5D2A612EA80075AEE3 /* GraphKit */,
				63B2DE742A612EA90075AEE3 /* GraphKitTests */,
				63B2DE7E2A612EA90075AEE3 /* GraphKitUITests */,
				63B2DE5C2A612EA80075AEE3 /* Products */,
			);
			sourceTree = "<group>";
		};
		63B2DE5C2A612EA80075AEE3 /* Products */ = {
			isa = PBXGroup;
			children = (
				63B2DE5B2A612EA80075AEE3 /* GraphKit.app */,
				63B2DE712A612EA90075AEE3 /* GraphKitTests.xctest */,
				63B2DE7B2A612EA90075AEE3 /* GraphKitUITests.xctest */,
			);
			name = Products;
			sourceTree = "<group>";
		};
		63B2DE5D2A612EA80075AEE3 /* GraphKit */ = {
			isa = PBXGroup;
			children = (
				63B2DE5E2A612EA80075AEE3 /* AppDelegate.swift */,
				63B2DE602A612EA80075AEE3 /* SceneDelegate.swift */,
				63B2DE622A612EA80075AEE3 /* ViewController.swift */,
				63B2DE642A612EA80075AEE3 /* Main.storyboard */,
				63B2DE672A612EA90075AEE3 /* Assets.xcassets */,
				63B2DE692A612EA90075AEE3 /* LaunchScreen.storyboard */,
				63B2DE6C2A612EA90075AEE3 /* Info.plist */,
			);
			path = GraphKit;
			sourceTree = "<group>";
		};
		63B2DE742A612EA90075AEE3 /* GraphKitTests */ = {
			isa = PBXGroup;
			children = (
				63B2DE752A612EA90075AEE3 /* GraphKitTests.swift */,
			);
			path = GraphKitTests;
			sourceTree = "<group>";
		};
		63B2DE7E2A612EA90075AEE3 /* GraphKitUITests */ = {
			isa = PBXGroup;
			children = (
				63B2DE7F2A612EA90075AEE3 /* GraphKitUITests.swift */,
				63B2DE812A612EA90075AEE3 /* GraphKitUITestsLaunchTests.swift */,
			);
			path = GraphKitUITests;
			sourceTree = "<group>";
		};
/* End PBXGroup section */

/* Begin PBXNativeTarget section */
		63B2DE5A2A612EA80075AEE3 /* GraphKit */ = {
			isa = PBXNativeTarget;
			buildConfigurationList = 63B2DE852A612EA90075AEE3 /* Build configuration list for PBXNativeTarget "GraphKit" */;
			buildPhases = (
				63B2DE572A612EA80075AEE3 /* Sources */,
				63B2DE582A612EA80075AEE3 /* Frameworks */,
				63B2DE592A612EA80075AEE3 /* Resources */,
			);
			buildRules = (
			);
			dependencies = (
			);
			name = GraphKit;
			productName = GraphKit;
			productReference = 63B2DE5B2A612EA80075AEE3 /* GraphKit.app */;
			productType = "com.apple.product-type.application";
		};
		63B2DE702A612EA90075AEE3 /* GraphKitTests */ = {
			isa = PBXNativeTarget;
			buildConfigurationList = 63B2DE882A612EA90075AEE3 /* Build configuration list for PBXNativeTarget "GraphKitTests" */;
			buildPhases = (
				63B2DE6D2A612EA90075AEE3 /* Sources */,
				63B2DE6E2A612EA90075AEE3 /* Frameworks */,
				63B2DE6F2A612EA90075AEE3 /* Resources */,
			);
			buildRules = (
			);
			dependencies = (
				63B2DE732A612EA90075AEE3 /* PBXTargetDependency */,
			);
			name = GraphKitTests;
			productName = GraphKitTests;
			productReference = 63B2DE712A612EA90075AEE3 /* GraphKitTests.xctest */;
			productType = "com.apple.product-type.bundle.unit-test";
		};
		63B2DE7A2A612EA90075AEE3 /* GraphKitUITests */ = {
			isa = PBXNativeTarget;
			buildConfigurationList = 63B2DE8B2A612EA90075AEE3 /* Build configuration list for PBXNativeTarget "GraphKitUITests" */;
			buildPhases = (
				63B2DE772A612EA90075AEE3 /* Sources */,
				63B2DE782A612EA90075AEE3 /* Frameworks */,
				63B2DE792A612EA90075AEE3 /* Resources */,
			);
			buildRules = (
			);
			dependencies = (
				63B2DE7D2A612EA90075AEE3 /* PBXTargetDependency */,
			);
			name = GraphKitUITests;
			productName = GraphKitUITests;
			productReference = 63B2DE7B2A612EA90075AEE3 /* GraphKitUITests.xctest */;
			productType = "com.apple.product-type.bundle.ui-testing";
		};
/* End PBXNativeTarget section */

/* Begin PBXProject section */
		63B2DE532A612EA80075AEE3 /* Project object */ = {
			isa = PBXProject;
			attributes = {
				BuildIndependentTargetsInParallel = 1;
				LastSwiftUpdateCheck = 1430;
				LastUpgradeCheck = 1430;
				TargetAttributes = {
					63B2DE5A2A612EA80075AEE3 = {
						CreatedOnToolsVersion = 14.3.1;
					};
					63B2DE702A612EA90075AEE3 = {
						CreatedOnToolsVersion = 14.3.1;
						TestTargetID = 63B2DE5A2A612EA80075AEE3;
					};
					63B2DE7A2A612EA90075AEE3 = {
						CreatedOnToolsVersion = 14.3.1;
						TestTargetID = 63B2DE5A2A612EA80075AEE3;
					};
				};
			};
			buildConfigurationList = 63B2DE562A612EA80075AEE3 /* Build configuration list for PBXProject "GraphKit" */;
			compatibilityVersion = "Xcode 14.0";
			developmentRegion = en;
			hasScannedForEncodings = 0;
			knownRegions = (
				en,
				Base,
			);
			mainGroup = 63B2DE522A612EA80075AEE3;
			productRefGroup = 63B2DE5C2A612EA80075AEE3 /* Products */;
			projectDirPath = "";
			projectRoot = "";
			targets = (
				63B2DE5A2A612EA80075AEE3 /* GraphKit */,
				63B2DE702A612EA90075AEE3 /* GraphKitTests */,
				63B2DE7A2A612EA90075AEE3 /* GraphKitUITests */,
			);
		};
/* End PBXProject section */

/* Begin PBXResourcesBuildPhase section */
		63B2DE592A612EA80075AEE3 /* Resources */ = {
			isa = PBXResourcesBuildPhase;
			buildActionMask = 2147483647;
			files = (
				63B2DE6B2A612EA90075AEE3 /* LaunchScreen.storyboard in Resources */,
				63B2DE682A612EA90075AEE3 /* Assets.xcassets in Resources */,
				63B2DE662A612EA80075AEE3 /* Main.storyboard in Resources */,
			);
			runOnlyForDeploymentPostprocessing = 0;
		};
		63B2DE6F2A612EA90075AEE3 /* Resources */ = {
			isa = PBXResourcesBuildPhase;
			buildActionMask = 2147483647;
			files = (
			);
			runOnlyForDeploymentPostprocessing = 0;
		};
		63B2DE792A612EA90075AEE3 /* Resources */ = {
			isa = PBXResourcesBuildPhase;
			buildActionMask = 2147483647;
			files = (
			);
			runOnlyForDeploymentPostprocessing = 0;
		};
/* End PBXResourcesBuildPhase section */

/* Begin PBXSourcesBuildPhase section */
		63B2DE572A612EA80075AEE3 /* Sources */ = {
			isa = PBXSourcesBuildPhase;
			buildActionMask = 2147483647;
			files = (
				63B2DE632A612EA80075AEE3 /* ViewController.swift in Sources */,
				63B2DE5F2A612EA80075AEE3 /* AppDelegate.swift in Sources */,
				63B2DE612A612EA80075AEE3 /* SceneDelegate.swift in Sources */,
			);
			runOnlyForDeploymentPostprocessing = 0;
		};
		63B2DE6D2A612EA90075AEE3 /* Sources */ = {
			isa = PBXSourcesBuildPhase;
			buildActionMask = 2147483647;
			files = (
				63B2DE762A612EA90075AEE3 /* GraphKitTests.swift in Sources */,
			);
			runOnlyForDeploymentPostprocessing = 0;
		};
		63B2DE772A612EA90075AEE3 /* Sources */ = {
			isa = PBXSourcesBuildPhase;
			buildActionMask = 2147483647;
			files = (
				63B2DE822A612EA90075AEE3 /* GraphKitUITestsLaunchTests.swift in Sources */,
				63B2DE802A612EA90075AEE3 /* GraphKitUITests.swift in Sources */,
			);
			runOnlyForDeploymentPostprocessing = 0;
		};
/* End PBXSourcesBuildPhase section */

/* Begin PBXTargetDependency section */
		63B2DE732A612EA90075AEE3 /* PBXTargetDependency */ = {
			isa = PBXTargetDependency;
			target = 63B2DE5A2A612EA80075AEE3 /* GraphKit */;
			targetProxy = 63B2DE722A612EA90075AEE3 /* PBXContainerItemProxy */;
		};
		63B2DE7D2A612EA90075AEE3 /* PBXTargetDependency */ = {
			isa = PBXTargetDependency;
			target = 63B2DE5A2A612EA80075AEE3 /* GraphKit */;
			targetProxy = 63B2DE7C2A612EA90075AEE3 /* PBXContainerItemProxy */;
		};
/* End PBXTargetDependency section */

/* Begin PBXVariantGroup section */
		63B2DE642A612EA80075AEE3 /* Main.storyboard */ = {
			isa = PBXVariantGroup;
			children = (
				63B2DE652A612EA80075AEE3 /* Base */,
			);
			name = Main.storyboard;
			sourceTree = "<group>";
		};
		63B2DE692A612EA90075AEE3 /* LaunchScreen.storyboard */ = {
			isa = PBXVariantGroup;
			children = (
				63B2DE6A2A612EA90075AEE3 /* Base */,
			);
			name = LaunchScreen.storyboard;
			sourceTree = "<group>";
		};
/* End PBXVariantGroup section */

/* Begin XCBuildConfiguration section */
		63B2DE832A612EA90075AEE3 /* Debug */ = {
			isa = XCBuildConfiguration;
			buildSettings = {
				ALWAYS_SEARCH_USER_PATHS = NO;
				CLANG_ANALYZER_NONNULL = YES;
				CLANG_ANALYZER_NUMBER_OBJECT_CONVERSION = YES_AGGRESSIVE;
				CLANG_CXX_LANGUAGE_STANDARD = "gnu++20";
				CLANG_ENABLE_MODULES = YES;
				CLANG_ENABLE_OBJC_ARC = YES;
				CLANG_ENABLE_OBJC_WEAK = YES;
				CLANG_WARN_BLOCK_CAPTURE_AUTORELEASING = YES;
				CLANG_WARN_BOOL_CONVERSION = YES;
				CLANG_WARN_COMMA = YES;
				CLANG_WARN_CONSTANT_CONVERSION = YES;
				CLANG_WARN_DEPRECATED_OBJC_IMPLEMENTATIONS = YES;
				CLANG_WARN_DIRECT_OBJC_ISA_USAGE = YES_ERROR;
				CLANG_WARN_DOCUMENTATION_COMMENTS = YES;
				CLANG_WARN_EMPTY_BODY = YES;
				CLANG_WARN_ENUM_CONVERSION = YES;
				CLANG_WARN_INFINITE_RECURSION = YES;
				CLANG_WARN_INT_CONVERSION = YES;
				CLANG_WARN_NON_LITERAL_NULL_CONVERSION = YES;
				CLANG_WARN_OBJC_IMPLICIT_RETAIN_SELF = YES;
				CLANG_WARN_OBJC_LITERAL_CONVERSION = YES;
				CLANG_WARN_OBJC_ROOT_CLASS = YES_ERROR;
				CLANG_WARN_QUOTED_INCLUDE_IN_FRAMEWORK_HEADER = YES;
				CLANG_WARN_RANGE_LOOP_ANALYSIS = YES;
				CLANG_WARN_STRICT_PROTOTYPES = YES;
				CLANG_WARN_SUSPICIOUS_MOVE = YES;
				CLANG_WARN_UNGUARDED_AVAILABILITY = YES_AGGRESSIVE;
				CLANG_WARN_UNREACHABLE_CODE = YES;
				CLANG_WARN__DUPLICATE_METHOD_MATCH = YES;
				COPY_PHASE_STRIP = NO;
				DEBUG_INFORMATION_FORMAT = dwarf;
				ENABLE_STRICT_OBJC_MSGSEND = YES;
				ENABLE_TESTABILITY = YES;
				GCC_C_LANGUAGE_STANDARD = gnu11;
				GCC_DYNAMIC_NO_PIC = NO;
				GCC_NO_COMMON_BLOCKS = YES;
				GCC_OPTIMIZATION_LEVEL = 0;
				GCC_PREPROCESSOR_DEFINITIONS = (
					"DEBUG=1",
					"$(inherited)",
				);
				GCC_WARN_64_TO_32_BIT_CONVERSION = YES;
				GCC_WARN_ABOUT_RETURN_TYPE = YES_ERROR;
				GCC_WARN_UNDECLARED_SELECTOR = YES;
				GCC_WARN_UNINITIALIZED_AUTOS = YES_AGGRESSIVE;
				GCC_WARN_UNUSED_FUNCTION = YES;
				GCC_WARN_UNUSED_VARIABLE = YES;
				IPHONEOS_DEPLOYMENT_TARGET = 16.4;
				MTL_ENABLE_DEBUG_INFO = INCLUDE_SOURCE;
				MTL_FAST_MATH = YES;
				ONLY_ACTIVE_ARCH = YES;
				SDKROOT = iphoneos;
				SWIFT_ACTIVE_COMPILATION_CONDITIONS = DEBUG;
				SWIFT_OPTIMIZATION_LEVEL = "-Onone";
			};
			name = Debug;
		};
		63B2DE842A612EA90075AEE3 /* Release */ = {
			isa = XCBuildConfiguration;
			buildSettings = {
				ALWAYS_SEARCH_USER_PATHS = NO;
				CLANG_ANALYZER_NONNULL = YES;
				CLANG_ANALYZER_NUMBER_OBJECT_CONVERSION = YES_AGGRESSIVE;
				CLANG_CXX_LANGUAGE_STANDARD = "gnu++20";
				CLANG_ENABLE_MODULES = YES;
				CLANG_ENABLE_OBJC_ARC = YES;
				CLANG_ENABLE_OBJC_WEAK = YES;
				CLANG_WARN_BLOCK_CAPTURE_AUTORELEASING = YES;
				CLANG_WARN_BOOL_CONVERSION = YES;
				CLANG_WARN_COMMA = YES;
				CLANG_WARN_CONSTANT_CONVERSION = YES;
				CLANG_WARN_DEPRECATED_OBJC_IMPLEMENTATIONS = YES;
				CLANG_WARN_DIRECT_OBJC_ISA_USAGE = YES_ERROR;
				CLANG_WARN_DOCUMENTATION_COMMENTS = YES;
				CLANG_WARN_EMPTY_BODY = YES;
				CLANG_WARN_ENUM_CONVERSION = YES;
				CLANG_WARN_INFINITE_RECURSION = YES;
				CLANG_WARN_INT_CONVERSION = YES;
				CLANG_WARN_NON_LITERAL_NULL_CONVERSION = YES;
				CLANG_WARN_OBJC_IMPLICIT_RETAIN_SELF = YES;
				CLANG_WARN_OBJC_LITERAL_CONVERSION = YES;
				CLANG_WARN_OBJC_ROOT_CLASS = YES_ERROR;
				CLANG_WARN_QUOTED_INCLUDE_IN_FRAMEWORK_HEADER = YES;
				CLANG_WARN_RANGE_LOOP_ANALYSIS = YES;
				CLANG_WARN_STRICT_PROTOTYPES = YES;
				CLANG_WARN_SUSPICIOUS_MOVE = YES;
				CLANG_WARN_UNGUARDED_AVAILABILITY = YES_AGGRESSIVE;
				CLANG_WARN_UNREACHABLE_CODE = YES;
				CLANG_WARN__DUPLICATE_METHOD_MATCH = YES;
				COPY_PHASE_STRIP = NO;
				DEBUG_INFORMATION_FORMAT = "dwarf-with-dsym";
				ENABLE_NS_ASSERTIONS = NO;
				ENABLE_STRICT_OBJC_MSGSEND = YES;
				GCC_C_LANGUAGE_STANDARD = gnu11;
				GCC_NO_COMMON_BLOCKS = YES;
				GCC_WARN_64_TO_32_BIT_CONVERSION = YES;
				GCC_WARN_ABOUT_RETURN_TYPE = YES_ERROR;
				GCC_WARN_UNDECLARED_SELECTOR = YES;
				GCC_WARN_UNINITIALIZED_AUTOS = YES_AGGRESSIVE;
				GCC_WARN_UNUSED_FUNCTION = YES;
				GCC_WARN_UNUSED_VARIABLE = YES;
				IPHONEOS_DEPLOYMENT_TARGET = 16.4;
				MTL_ENABLE_DEBUG_INFO = NO;
				MTL_FAST_MATH = YES;
				SDKROOT = iphoneos;
				SWIFT_COMPILATION_MODE = wholemodule;
				SWIFT_OPTIMIZATION_LEVEL = "-O";
				VALIDATE_PRODUCT = YES;
			};
			name = Release;
		};
		63B2DE862A612EA90075AEE3 /* Debug */ = {
			isa = XCBuildConfiguration;
			buildSettings = {
				ASSETCATALOG_COMPILER_APPICON_NAME = AppIcon;
				ASSETCATALOG_COMPILER_GLOBAL_ACCENT_COLOR_NAME = AccentColor;
				CODE_SIGN_STYLE = Automatic;
				CURRENT_PROJECT_VERSION = 1;
				DEVELOPMENT_TEAM = 27D5J6PZJG;
				GENERATE_INFOPLIST_FILE = YES;
				INFOPLIST_FILE = GraphKit/Info.plist;
				INFOPLIST_KEY_UIApplicationSupportsIndirectInputEvents = YES;
				INFOPLIST_KEY_UILaunchStoryboardName = LaunchScreen;
				INFOPLIST_KEY_UIMainStoryboardFile = Main;
				INFOPLIST_KEY_UISupportedInterfaceOrientations_iPad = "UIInterfaceOrientationPortrait UIInterfaceOrientationPortraitUpsideDown UIInterfaceOrientationLandscapeLeft UIInterfaceOrientationLandscapeRight";
				INFOPLIST_KEY_UISupportedInterfaceOrientations_iPhone = "UIInterfaceOrientationPortrait UIInterfaceOrientationLandscapeLeft UIInterfaceOrientationLandscapeRight";
				LD_RUNPATH_SEARCH_PATHS = (
					"$(inherited)",
					"@executable_path/Frameworks",
				);
				MARKETING_VERSION = 1.0;
				PRODUCT_BUNDLE_IDENTIFIER = com.seungjun.GraphKit;
				PRODUCT_NAME = "$(TARGET_NAME)";
				SUPPORTED_PLATFORMS = "iphoneos iphonesimulator";
				SUPPORTS_MACCATALYST = NO;
				SUPPORTS_MAC_DESIGNED_FOR_IPHONE_IPAD = NO;
				SWIFT_EMIT_LOC_STRINGS = YES;
				SWIFT_VERSION = 5.0;
				TARGETED_DEVICE_FAMILY = 1;
			};
			name = Debug;
		};
		63B2DE872A612EA90075AEE3 /* Release */ = {
			isa = XCBuildConfiguration;
			buildSettings = {
				ASSETCATALOG_COMPILER_APPICON_NAME = AppIcon;
				ASSETCATALOG_COMPILER_GLOBAL_ACCENT_COLOR_NAME = AccentColor;
				CODE_SIGN_STYLE = Automatic;
				CURRENT_PROJECT_VERSION = 1;
				DEVELOPMENT_TEAM = 27D5J6PZJG;
				GENERATE_INFOPLIST_FILE = YES;
				INFOPLIST_FILE = GraphKit/Info.plist;
				INFOPLIST_KEY_UIApplicationSupportsIndirectInputEvents = YES;
				INFOPLIST_KEY_UILaunchStoryboardName = LaunchScreen;
				INFOPLIST_KEY_UIMainStoryboardFile = Main;
				INFOPLIST_KEY_UISupportedInterfaceOrientations_iPad = "UIInterfaceOrientationPortrait UIInterfaceOrientationPortraitUpsideDown UIInterfaceOrientationLandscapeLeft UIInterfaceOrientationLandscapeRight";
				INFOPLIST_KEY_UISupportedInterfaceOrientations_iPhone = "UIInterfaceOrientationPortrait UIInterfaceOrientationLandscapeLeft UIInterfaceOrientationLandscapeRight";
				LD_RUNPATH_SEARCH_PATHS = (
					"$(inherited)",
					"@executable_path/Frameworks",
				);
				MARKETING_VERSION = 1.0;
				PRODUCT_BUNDLE_IDENTIFIER = com.seungjun.GraphKit;
				PRODUCT_NAME = "$(TARGET_NAME)";
				SUPPORTED_PLATFORMS = "iphoneos iphonesimulator";
				SUPPORTS_MACCATALYST = NO;
				SUPPORTS_MAC_DESIGNED_FOR_IPHONE_IPAD = NO;
				SWIFT_EMIT_LOC_STRINGS = YES;
				SWIFT_VERSION = 5.0;
				TARGETED_DEVICE_FAMILY = 1;
			};
			name = Release;
		};
		63B2DE892A612EA90075AEE3 /* Debug */ = {
			isa = XCBuildConfiguration;
			buildSettings = {
				ALWAYS_EMBED_SWIFT_STANDARD_LIBRARIES = YES;
				BUNDLE_LOADER = "$(TEST_HOST)";
				CODE_SIGN_STYLE = Automatic;
				CURRENT_PROJECT_VERSION = 1;
				DEVELOPMENT_TEAM = 27D5J6PZJG;
				GENERATE_INFOPLIST_FILE = YES;
				IPHONEOS_DEPLOYMENT_TARGET = 16.4;
				MARKETING_VERSION = 1.0;
				PRODUCT_BUNDLE_IDENTIFIER = com.seungjun.GraphKitTests;
				PRODUCT_NAME = "$(TARGET_NAME)";
				SWIFT_EMIT_LOC_STRINGS = NO;
				SWIFT_VERSION = 5.0;
				TARGETED_DEVICE_FAMILY = "1,2";
				TEST_HOST = "$(BUILT_PRODUCTS_DIR)/GraphKit.app/$(BUNDLE_EXECUTABLE_FOLDER_PATH)/GraphKit";
			};
			name = Debug;
		};
		63B2DE8A2A612EA90075AEE3 /* Release */ = {
			isa = XCBuildConfiguration;
			buildSettings = {
				ALWAYS_EMBED_SWIFT_STANDARD_LIBRARIES = YES;
				BUNDLE_LOADER = "$(TEST_HOST)";
				CODE_SIGN_STYLE = Automatic;
				CURRENT_PROJECT_VERSION = 1;
				DEVELOPMENT_TEAM = 27D5J6PZJG;
				GENERATE_INFOPLIST_FILE = YES;
				IPHONEOS_DEPLOYMENT_TARGET = 16.4;
				MARKETING_VERSION = 1.0;
				PRODUCT_BUNDLE_IDENTIFIER = com.seungjun.GraphKitTests;
				PRODUCT_NAME = "$(TARGET_NAME)";
				SWIFT_EMIT_LOC_STRINGS = NO;
				SWIFT_VERSION = 5.0;
				TARGETED_DEVICE_FAMILY = "1,2";
				TEST_HOST = "$(BUILT_PRODUCTS_DIR)/GraphKit.app/$(BUNDLE_EXECUTABLE_FOLDER_PATH)/GraphKit";
			};
			name = Release;
		};
		63B2DE8C2A612EA90075AEE3 /* Debug */ = {
			isa = XCBuildConfiguration;
			buildSettings = {
				ALWAYS_EMBED_SWIFT_STANDARD_LIBRARIES = YES;
				CODE_SIGN_STYLE = Automatic;
				CURRENT_PROJECT_VERSION = 1;
				DEVELOPMENT_TEAM = 27D5J6PZJG;
				GENERATE_INFOPLIST_FILE = YES;
				MARKETING_VERSION = 1.0;
				PRODUCT_BUNDLE_IDENTIFIER = com.seungjun.GraphKitUITests;
				PRODUCT_NAME = "$(TARGET_NAME)";
				SWIFT_EMIT_LOC_STRINGS = NO;
				SWIFT_VERSION = 5.0;
				TARGETED_DEVICE_FAMILY = "1,2";
				TEST_TARGET_NAME = GraphKit;
			};
			name = Debug;
		};
		63B2DE8D2A612EA90075AEE3 /* Release */ = {
			isa = XCBuildConfiguration;
			buildSettings = {
				ALWAYS_EMBED_SWIFT_STANDARD_LIBRARIES = YES;
				CODE_SIGN_STYLE = Automatic;
				CURRENT_PROJECT_VERSION = 1;
				DEVELOPMENT_TEAM = 27D5J6PZJG;
				GENERATE_INFOPLIST_FILE = YES;
				MARKETING_VERSION = 1.0;
				PRODUCT_BUNDLE_IDENTIFIER = com.seungjun.GraphKitUITests;
				PRODUCT_NAME = "$(TARGET_NAME)";
				SWIFT_EMIT_LOC_STRINGS = NO;
				SWIFT_VERSION = 5.0;
				TARGETED_DEVICE_FAMILY = "1,2";
				TEST_TARGET_NAME = GraphKit;
			};
			name = Release;
		};
/* End XCBuildConfiguration section */

/* Begin XCConfigurationList section */
		63B2DE562A612EA80075AEE3 /* Build configuration list for PBXProject "GraphKit" */ = {
			isa = XCConfigurationList;
			buildConfigurations = (
				63B2DE832A612EA90075AEE3 /* Debug */,
				63B2DE842A612EA90075AEE3 /* Release */,
			);
			defaultConfigurationIsVisible = 0;
			defaultConfigurationName = Release;
		};
		63B2DE852A612EA90075AEE3 /* Build configuration list for PBXNativeTarget "GraphKit" */ = {
			isa = XCConfigurationList;
			buildConfigurations = (
				63B2DE862A612EA90075AEE3 /* Debug */,
				63B2DE872A612EA90075AEE3 /* Release */,
			);
			defaultConfigurationIsVisible = 0;
			defaultConfigurationName = Release;
		};
		63B2DE882A612EA90075AEE3 /* Build configuration list for PBXNativeTarget "GraphKitTests" */ = {
			isa = XCConfigurationList;
			buildConfigurations = (
				63B2DE892A612EA90075AEE3 /* Debug */,
				63B2DE8A2A612EA90075AEE3 /* Release */,
			);
			defaultConfigurationIsVisible = 0;
			defaultConfigurationName = Release;
		};
		63B2DE8B2A612EA90075AEE3 /* Build configuration list for PBXNativeTarget "GraphKitUITests" */ = {
			isa = XCConfigurationList;
			buildConfigurations = (
				63B2DE8C2A612EA90075AEE3 /* Debug */,
				63B2DE8D2A612EA90075AEE3 /* Release */,
			);
			defaultConfigurationIsVisible = 0;
			defaultConfigurationName = Release;
		};
/* End XCConfigurationList section */
	};
	rootObject = 63B2DE532A612EA80075AEE3 /* Project object */;
}
