// !$*UTF8*$!
{
	archiveVersion = 1;
	classes = {
	};
	objectVersion = 56;
	objects = {

/* Begin PBXBuildFile section */
		63B2DDF12A5E6D960075AEE3 /* AppDelegate.m in Sources */ = {isa = PBXBuildFile; fileRef = 63B2DDF02A5E6D960075AEE3 /* AppDelegate.m */; };
		63B2DDF32A5E6D970075AEE3 /* Assets.xcassets in Resources */ = {isa = PBXBuildFile; fileRef = 63B2DDF22A5E6D970075AEE3 /* Assets.xcassets */; };
		63B2DDF62A5E6D970075AEE3 /* MainMenu.xib in Resources */ = {isa = PBXBuildFile; fileRef = 63B2DDF42A5E6D970075AEE3 /* MainMenu.xib */; };
		63B2DDF82A5E6D970075AEE3 /* main.m in Sources */ = {isa = PBXBuildFile; fileRef = 63B2DDF72A5E6D970075AEE3 /* main.m */; };
		63B2DE032A5E6D970075AEE3 /* HelloObjectiveCTests.m in Sources */ = {isa = PBXBuildFile; fileRef = 63B2DE022A5E6D970075AEE3 /* HelloObjectiveCTests.m */; };
		63B2DE0D2A5E6D970075AEE3 /* HelloObjectiveCUITests.m in Sources */ = {isa = PBXBuildFile; fileRef = 63B2DE0C2A5E6D970075AEE3 /* HelloObjectiveCUITests.m */; };
		63B2DE0F2A5E6D970075AEE3 /* HelloObjectiveCUITestsLaunchTests.m in Sources */ = {isa = PBXBuildFile; fileRef = 63B2DE0E2A5E6D970075AEE3 /* HelloObjectiveCUITestsLaunchTests.m */; };
/* End PBXBuildFile section */

/* Begin PBXContainerItemProxy section */
		63B2DDFF2A5E6D970075AEE3 /* PBXContainerItemProxy */ = {
			isa = PBXContainerItemProxy;
			containerPortal = 63B2DDE42A5E6D960075AEE3 /* Project object */;
			proxyType = 1;
			remoteGlobalIDString = 63B2DDEB2A5E6D960075AEE3;
			remoteInfo = HelloObjectiveC;
		};
		63B2DE092A5E6D970075AEE3 /* PBXContainerItemProxy */ = {
			isa = PBXContainerItemProxy;
			containerPortal = 63B2DDE42A5E6D960075AEE3 /* Project object */;
			proxyType = 1;
			remoteGlobalIDString = 63B2DDEB2A5E6D960075AEE3;
			remoteInfo = HelloObjectiveC;
		};
/* End PBXContainerItemProxy section */

/* Begin PBXFileReference section */
		63B2DDEC2A5E6D960075AEE3 /* HelloObjectiveC.app */ = {isa = PBXFileReference; explicitFileType = wrapper.application; includeInIndex = 0; path = HelloObjectiveC.app; sourceTree = BUILT_PRODUCTS_DIR; };
		63B2DDEF2A5E6D960075AEE3 /* AppDelegate.h */ = {isa = PBXFileReference; lastKnownFileType = sourcecode.c.h; path = AppDelegate.h; sourceTree = "<group>"; };
		63B2DDF02A5E6D960075AEE3 /* AppDelegate.m */ = {isa = PBXFileReference; lastKnownFileType = sourcecode.c.objc; path = AppDelegate.m; sourceTree = "<group>"; };
		63B2DDF22A5E6D970075AEE3 /* Assets.xcassets */ = {isa = PBXFileReference; lastKnownFileType = folder.assetcatalog; path = Assets.xcassets; sourceTree = "<group>"; };
		63B2DDF52A5E6D970075AEE3 /* Base */ = {isa = PBXFileReference; lastKnownFileType = file.xib; name = Base; path = Base.lproj/MainMenu.xib; sourceTree = "<group>"; };
		63B2DDF72A5E6D970075AEE3 /* main.m */ = {isa = PBXFileReference; lastKnownFileType = sourcecode.c.objc; path = main.m; sourceTree = "<group>"; };
		63B2DDF92A5E6D970075AEE3 /* HelloObjectiveC.entitlements */ = {isa = PBXFileReference; lastKnownFileType = text.plist.entitlements; path = HelloObjectiveC.entitlements; sourceTree = "<group>"; };
		63B2DDFE2A5E6D970075AEE3 /* HelloObjectiveCTests.xctest */ = {isa = PBXFileReference; explicitFileType = wrapper.cfbundle; includeInIndex = 0; path = HelloObjectiveCTests.xctest; sourceTree = BUILT_PRODUCTS_DIR; };
		63B2DE022A5E6D970075AEE3 /* HelloObjectiveCTests.m */ = {isa = PBXFileReference; lastKnownFileType = sourcecode.c.objc; path = HelloObjectiveCTests.m; sourceTree = "<group>"; };
		63B2DE082A5E6D970075AEE3 /* HelloObjectiveCUITests.xctest */ = {isa = PBXFileReference; explicitFileType = wrapper.cfbundle; includeInIndex = 0; path = HelloObjectiveCUITests.xctest; sourceTree = BUILT_PRODUCTS_DIR; };
		63B2DE0C2A5E6D970075AEE3 /* HelloObjectiveCUITests.m */ = {isa = PBXFileReference; lastKnownFileType = sourcecode.c.objc; path = HelloObjectiveCUITests.m; sourceTree = "<group>"; };
		63B2DE0E2A5E6D970075AEE3 /* HelloObjectiveCUITestsLaunchTests.m */ = {isa = PBXFileReference; lastKnownFileType = sourcecode.c.objc; path = HelloObjectiveCUITestsLaunchTests.m; sourceTree = "<group>"; };
/* End PBXFileReference section */

/* Begin PBXFrameworksBuildPhase section */
		63B2DDE92A5E6D960075AEE3 /* Frameworks */ = {
			isa = PBXFrameworksBuildPhase;
			buildActionMask = 2147483647;
			files = (
			);
			runOnlyForDeploymentPostprocessing = 0;
		};
		63B2DDFB2A5E6D970075AEE3 /* Frameworks */ = {
			isa = PBXFrameworksBuildPhase;
			buildActionMask = 2147483647;
			files = (
			);
			runOnlyForDeploymentPostprocessing = 0;
		};
		63B2DE052A5E6D970075AEE3 /* Frameworks */ = {
			isa = PBXFrameworksBuildPhase;
			buildActionMask = 2147483647;
			files = (
			);
			runOnlyForDeploymentPostprocessing = 0;
		};
/* End PBXFrameworksBuildPhase section */

/* Begin PBXGroup section */
		63B2DDE32A5E6D960075AEE3 = {
			isa = PBXGroup;
			children = (
				63B2DDEE2A5E6D960075AEE3 /* HelloObjectiveC */,
				63B2DE012A5E6D970075AEE3 /* HelloObjectiveCTests */,
				63B2DE0B2A5E6D970075AEE3 /* HelloObjectiveCUITests */,
				63B2DDED2A5E6D960075AEE3 /* Products */,
			);
			sourceTree = "<group>";
		};
		63B2DDED2A5E6D960075AEE3 /* Products */ = {
			isa = PBXGroup;
			children = (
				63B2DDEC2A5E6D960075AEE3 /* HelloObjectiveC.app */,
				63B2DDFE2A5E6D970075AEE3 /* HelloObjectiveCTests.xctest */,
				63B2DE082A5E6D970075AEE3 /* HelloObjectiveCUITests.xctest */,
			);
			name = Products;
			sourceTree = "<group>";
		};
		63B2DDEE2A5E6D960075AEE3 /* HelloObjectiveC */ = {
			isa = PBXGroup;
			children = (
				63B2DDEF2A5E6D960075AEE3 /* AppDelegate.h */,
				63B2DDF02A5E6D960075AEE3 /* AppDelegate.m */,
				63B2DDF22A5E6D970075AEE3 /* Assets.xcassets */,
				63B2DDF42A5E6D970075AEE3 /* MainMenu.xib */,
				63B2DDF72A5E6D970075AEE3 /* main.m */,
				63B2DDF92A5E6D970075AEE3 /* HelloObjectiveC.entitlements */,
			);
			path = HelloObjectiveC;
			sourceTree = "<group>";
		};
		63B2DE012A5E6D970075AEE3 /* HelloObjectiveCTests */ = {
			isa = PBXGroup;
			children = (
				63B2DE022A5E6D970075AEE3 /* HelloObjectiveCTests.m */,
			);
			path = HelloObjectiveCTests;
			sourceTree = "<group>";
		};
		63B2DE0B2A5E6D970075AEE3 /* HelloObjectiveCUITests */ = {
			isa = PBXGroup;
			children = (
				63B2DE0C2A5E6D970075AEE3 /* HelloObjectiveCUITests.m */,
				63B2DE0E2A5E6D970075AEE3 /* HelloObjectiveCUITestsLaunchTests.m */,
			);
			path = HelloObjectiveCUITests;
			sourceTree = "<group>";
		};
/* End PBXGroup section */

/* Begin PBXNativeTarget section */
		63B2DDEB2A5E6D960075AEE3 /* HelloObjectiveC */ = {
			isa = PBXNativeTarget;
			buildConfigurationList = 63B2DE122A5E6D970075AEE3 /* Build configuration list for PBXNativeTarget "HelloObjectiveC" */;
			buildPhases = (
				63B2DDE82A5E6D960075AEE3 /* Sources */,
				63B2DDE92A5E6D960075AEE3 /* Frameworks */,
				63B2DDEA2A5E6D960075AEE3 /* Resources */,
			);
			buildRules = (
			);
			dependencies = (
			);
			name = HelloObjectiveC;
			productName = HelloObjectiveC;
			productReference = 63B2DDEC2A5E6D960075AEE3 /* HelloObjectiveC.app */;
			productType = "com.apple.product-type.application";
		};
		63B2DDFD2A5E6D970075AEE3 /* HelloObjectiveCTests */ = {
			isa = PBXNativeTarget;
			buildConfigurationList = 63B2DE152A5E6D970075AEE3 /* Build configuration list for PBXNativeTarget "HelloObjectiveCTests" */;
			buildPhases = (
				63B2DDFA2A5E6D970075AEE3 /* Sources */,
				63B2DDFB2A5E6D970075AEE3 /* Frameworks */,
				63B2DDFC2A5E6D970075AEE3 /* Resources */,
			);
			buildRules = (
			);
			dependencies = (
				63B2DE002A5E6D970075AEE3 /* PBXTargetDependency */,
			);
			name = HelloObjectiveCTests;
			productName = HelloObjectiveCTests;
			productReference = 63B2DDFE2A5E6D970075AEE3 /* HelloObjectiveCTests.xctest */;
			productType = "com.apple.product-type.bundle.unit-test";
		};
		63B2DE072A5E6D970075AEE3 /* HelloObjectiveCUITests */ = {
			isa = PBXNativeTarget;
			buildConfigurationList = 63B2DE182A5E6D970075AEE3 /* Build configuration list for PBXNativeTarget "HelloObjectiveCUITests" */;
			buildPhases = (
				63B2DE042A5E6D970075AEE3 /* Sources */,
				63B2DE052A5E6D970075AEE3 /* Frameworks */,
				63B2DE062A5E6D970075AEE3 /* Resources */,
			);
			buildRules = (
			);
			dependencies = (
				63B2DE0A2A5E6D970075AEE3 /* PBXTargetDependency */,
			);
			name = HelloObjectiveCUITests;
			productName = HelloObjectiveCUITests;
			productReference = 63B2DE082A5E6D970075AEE3 /* HelloObjectiveCUITests.xctest */;
			productType = "com.apple.product-type.bundle.ui-testing";
		};
/* End PBXNativeTarget section */

/* Begin PBXProject section */
		63B2DDE42A5E6D960075AEE3 /* Project object */ = {
			isa = PBXProject;
			attributes = {
				BuildIndependentTargetsInParallel = 1;
				LastUpgradeCheck = 1430;
				TargetAttributes = {
					63B2DDEB2A5E6D960075AEE3 = {
						CreatedOnToolsVersion = 14.3.1;
					};
					63B2DDFD2A5E6D970075AEE3 = {
						CreatedOnToolsVersion = 14.3.1;
						TestTargetID = 63B2DDEB2A5E6D960075AEE3;
					};
					63B2DE072A5E6D970075AEE3 = {
						CreatedOnToolsVersion = 14.3.1;
						TestTargetID = 63B2DDEB2A5E6D960075AEE3;
					};
				};
			};
			buildConfigurationList = 63B2DDE72A5E6D960075AEE3 /* Build configuration list for PBXProject "HelloObjectiveC" */;
			compatibilityVersion = "Xcode 14.0";
			developmentRegion = en;
			hasScannedForEncodings = 0;
			knownRegions = (
				en,
				Base,
			);
			mainGroup = 63B2DDE32A5E6D960075AEE3;
			productRefGroup = 63B2DDED2A5E6D960075AEE3 /* Products */;
			projectDirPath = "";
			projectRoot = "";
			targets = (
				63B2DDEB2A5E6D960075AEE3 /* HelloObjectiveC */,
				63B2DDFD2A5E6D970075AEE3 /* HelloObjectiveCTests */,
				63B2DE072A5E6D970075AEE3 /* HelloObjectiveCUITests */,
			);
		};
/* End PBXProject section */

/* Begin PBXResourcesBuildPhase section */
		63B2DDEA2A5E6D960075AEE3 /* Resources */ = {
			isa = PBXResourcesBuildPhase;
			buildActionMask = 2147483647;
			files = (
				63B2DDF32A5E6D970075AEE3 /* Assets.xcassets in Resources */,
				63B2DDF62A5E6D970075AEE3 /* MainMenu.xib in Resources */,
			);
			runOnlyForDeploymentPostprocessing = 0;
		};
		63B2DDFC2A5E6D970075AEE3 /* Resources */ = {
			isa = PBXResourcesBuildPhase;
			buildActionMask = 2147483647;
			files = (
			);
			runOnlyForDeploymentPostprocessing = 0;
		};
		63B2DE062A5E6D970075AEE3 /* Resources */ = {
			isa = PBXResourcesBuildPhase;
			buildActionMask = 2147483647;
			files = (
			);
			runOnlyForDeploymentPostprocessing = 0;
		};
/* End PBXResourcesBuildPhase section */

/* Begin PBXSourcesBuildPhase section */
		63B2DDE82A5E6D960075AEE3 /* Sources */ = {
			isa = PBXSourcesBuildPhase;
			buildActionMask = 2147483647;
			files = (
				63B2DDF82A5E6D970075AEE3 /* main.m in Sources */,
				63B2DDF12A5E6D960075AEE3 /* AppDelegate.m in Sources */,
			);
			runOnlyForDeploymentPostprocessing = 0;
		};
		63B2DDFA2A5E6D970075AEE3 /* Sources */ = {
			isa = PBXSourcesBuildPhase;
			buildActionMask = 2147483647;
			files = (
				63B2DE032A5E6D970075AEE3 /* HelloObjectiveCTests.m in Sources */,
			);
			runOnlyForDeploymentPostprocessing = 0;
		};
		63B2DE042A5E6D970075AEE3 /* Sources */ = {
			isa = PBXSourcesBuildPhase;
			buildActionMask = 2147483647;
			files = (
				63B2DE0D2A5E6D970075AEE3 /* HelloObjectiveCUITests.m in Sources */,
				63B2DE0F2A5E6D970075AEE3 /* HelloObjectiveCUITestsLaunchTests.m in Sources */,
			);
			runOnlyForDeploymentPostprocessing = 0;
		};
/* End PBXSourcesBuildPhase section */

/* Begin PBXTargetDependency section */
		63B2DE002A5E6D970075AEE3 /* PBXTargetDependency */ = {
			isa = PBXTargetDependency;
			target = 63B2DDEB2A5E6D960075AEE3 /* HelloObjectiveC */;
			targetProxy = 63B2DDFF2A5E6D970075AEE3 /* PBXContainerItemProxy */;
		};
		63B2DE0A2A5E6D970075AEE3 /* PBXTargetDependency */ = {
			isa = PBXTargetDependency;
			target = 63B2DDEB2A5E6D960075AEE3 /* HelloObjectiveC */;
			targetProxy = 63B2DE092A5E6D970075AEE3 /* PBXContainerItemProxy */;
		};
/* End PBXTargetDependency section */

/* Begin PBXVariantGroup section */
		63B2DDF42A5E6D970075AEE3 /* MainMenu.xib */ = {
			isa = PBXVariantGroup;
			children = (
				63B2DDF52A5E6D970075AEE3 /* Base */,
			);
			name = MainMenu.xib;
			sourceTree = "<group>";
		};
/* End PBXVariantGroup section */

/* Begin XCBuildConfiguration section */
		63B2DE102A5E6D970075AEE3 /* Debug */ = {
			isa = XCBuildConfiguration;
			buildSettings = {
				ALWAYS_SEARCH_USER_PATHS = NO;
				CLANG_ANALYZER_NONNULL = YES;
				CLANG_ANALYZER_NUMBER_OBJECT_CONVERSION = YES_AGGRESSIVE;
				CLANG_CXX_LANGUAGE_STANDARD = "gnu++20";
				CLANG_ENABLE_MODULES = YES;
				CLANG_ENABLE_OBJC_ARC = YES;
				CLANG_ENABLE_OBJC_WEAK = YES;
				CLANG_WARN_BLOCK_CAPTURE_AUTORELEASING = YES;
				CLANG_WARN_BOOL_CONVERSION = YES;
				CLANG_WARN_COMMA = YES;
				CLANG_WARN_CONSTANT_CONVERSION = YES;
				CLANG_WARN_DEPRECATED_OBJC_IMPLEMENTATIONS = YES;
				CLANG_WARN_DIRECT_OBJC_ISA_USAGE = YES_ERROR;
				CLANG_WARN_DOCUMENTATION_COMMENTS = YES;
				CLANG_WARN_EMPTY_BODY = YES;
				CLANG_WARN_ENUM_CONVERSION = YES;
				CLANG_WARN_INFINITE_RECURSION = YES;
				CLANG_WARN_INT_CONVERSION = YES;
				CLANG_WARN_NON_LITERAL_NULL_CONVERSION = YES;
				CLANG_WARN_OBJC_IMPLICIT_RETAIN_SELF = YES;
				CLANG_WARN_OBJC_LITERAL_CONVERSION = YES;
				CLANG_WARN_OBJC_ROOT_CLASS = YES_ERROR;
				CLANG_WARN_QUOTED_INCLUDE_IN_FRAMEWORK_HEADER = YES;
				CLANG_WARN_RANGE_LOOP_ANALYSIS = YES;
				CLANG_WARN_STRICT_PROTOTYPES = YES;
				CLANG_WARN_SUSPICIOUS_MOVE = YES;
				CLANG_WARN_UNGUARDED_AVAILABILITY = YES_AGGRESSIVE;
				CLANG_WARN_UNREACHABLE_CODE = YES;
				CLANG_WARN__DUPLICATE_METHOD_MATCH = YES;
				COPY_PHASE_STRIP = NO;
				DEBUG_INFORMATION_FORMAT = dwarf;
				ENABLE_STRICT_OBJC_MSGSEND = YES;
				ENABLE_TESTABILITY = YES;
				GCC_C_LANGUAGE_STANDARD = gnu11;
				GCC_DYNAMIC_NO_PIC = NO;
				GCC_NO_COMMON_BLOCKS = YES;
				GCC_OPTIMIZATION_LEVEL = 0;
				GCC_PREPROCESSOR_DEFINITIONS = (
					"DEBUG=1",
					"$(inherited)",
				);
				GCC_WARN_64_TO_32_BIT_CONVERSION = YES;
				GCC_WARN_ABOUT_RETURN_TYPE = YES_ERROR;
				GCC_WARN_UNDECLARED_SELECTOR = YES;
				GCC_WARN_UNINITIALIZED_AUTOS = YES_AGGRESSIVE;
				GCC_WARN_UNUSED_FUNCTION = YES;
				GCC_WARN_UNUSED_VARIABLE = YES;
				MACOSX_DEPLOYMENT_TARGET = 13.3;
				MTL_ENABLE_DEBUG_INFO = INCLUDE_SOURCE;
				MTL_FAST_MATH = YES;
				ONLY_ACTIVE_ARCH = YES;
				SDKROOT = macosx;
			};
			name = Debug;
		};
		63B2DE112A5E6D970075AEE3 /* Release */ = {
			isa = XCBuildConfiguration;
			buildSettings = {
				ALWAYS_SEARCH_USER_PATHS = NO;
				CLANG_ANALYZER_NONNULL = YES;
				CLANG_ANALYZER_NUMBER_OBJECT_CONVERSION = YES_AGGRESSIVE;
				CLANG_CXX_LANGUAGE_STANDARD = "gnu++20";
				CLANG_ENABLE_MODULES = YES;
				CLANG_ENABLE_OBJC_ARC = YES;
				CLANG_ENABLE_OBJC_WEAK = YES;
				CLANG_WARN_BLOCK_CAPTURE_AUTORELEASING = YES;
				CLANG_WARN_BOOL_CONVERSION = YES;
				CLANG_WARN_COMMA = YES;
				CLANG_WARN_CONSTANT_CONVERSION = YES;
				CLANG_WARN_DEPRECATED_OBJC_IMPLEMENTATIONS = YES;
				CLANG_WARN_DIRECT_OBJC_ISA_USAGE = YES_ERROR;
				CLANG_WARN_DOCUMENTATION_COMMENTS = YES;
				CLANG_WARN_EMPTY_BODY = YES;
				CLANG_WARN_ENUM_CONVERSION = YES;
				CLANG_WARN_INFINITE_RECURSION = YES;
				CLANG_WARN_INT_CONVERSION = YES;
				CLANG_WARN_NON_LITERAL_NULL_CONVERSION = YES;
				CLANG_WARN_OBJC_IMPLICIT_RETAIN_SELF = YES;
				CLANG_WARN_OBJC_LITERAL_CONVERSION = YES;
				CLANG_WARN_OBJC_ROOT_CLASS = YES_ERROR;
				CLANG_WARN_QUOTED_INCLUDE_IN_FRAMEWORK_HEADER = YES;
				CLANG_WARN_RANGE_LOOP_ANALYSIS = YES;
				CLANG_WARN_STRICT_PROTOTYPES = YES;
				CLANG_WARN_SUSPICIOUS_MOVE = YES;
				CLANG_WARN_UNGUARDED_AVAILABILITY = YES_AGGRESSIVE;
				CLANG_WARN_UNREACHABLE_CODE = YES;
				CLANG_WARN__DUPLICATE_METHOD_MATCH = YES;
				COPY_PHASE_STRIP = NO;
				DEBUG_INFORMATION_FORMAT = "dwarf-with-dsym";
				ENABLE_NS_ASSERTIONS = NO;
				ENABLE_STRICT_OBJC_MSGSEND = YES;
				GCC_C_LANGUAGE_STANDARD = gnu11;
				GCC_NO_COMMON_BLOCKS = YES;
				GCC_WARN_64_TO_32_BIT_CONVERSION = YES;
				GCC_WARN_ABOUT_RETURN_TYPE = YES_ERROR;
				GCC_WARN_UNDECLARED_SELECTOR = YES;
				GCC_WARN_UNINITIALIZED_AUTOS = YES_AGGRESSIVE;
				GCC_WARN_UNUSED_FUNCTION = YES;
				GCC_WARN_UNUSED_VARIABLE = YES;
				MACOSX_DEPLOYMENT_TARGET = 13.3;
				MTL_ENABLE_DEBUG_INFO = NO;
				MTL_FAST_MATH = YES;
				SDKROOT = macosx;
			};
			name = Release;
		};
		63B2DE132A5E6D970075AEE3 /* Debug */ = {
			isa = XCBuildConfiguration;
			buildSettings = {
				ASSETCATALOG_COMPILER_APPICON_NAME = AppIcon;
				ASSETCATALOG_COMPILER_GLOBAL_ACCENT_COLOR_NAME = AccentColor;
				CODE_SIGN_ENTITLEMENTS = HelloObjectiveC/HelloObjectiveC.entitlements;
				CODE_SIGN_STYLE = Automatic;
				COMBINE_HIDPI_IMAGES = YES;
				CURRENT_PROJECT_VERSION = 1;
				DEVELOPMENT_TEAM = 27D5J6PZJG;
				ENABLE_HARDENED_RUNTIME = YES;
				GENERATE_INFOPLIST_FILE = YES;
				INFOPLIST_KEY_NSHumanReadableCopyright = "";
				INFOPLIST_KEY_NSMainNibFile = MainMenu;
				INFOPLIST_KEY_NSPrincipalClass = NSApplication;
				LD_RUNPATH_SEARCH_PATHS = (
					"$(inherited)",
					"@executable_path/../Frameworks",
				);
				MARKETING_VERSION = 1.0;
				PRODUCT_BUNDLE_IDENTIFIER = com.seungjun.HelloObjectiveC;
				PRODUCT_NAME = "$(TARGET_NAME)";
				SWIFT_EMIT_LOC_STRINGS = YES;
			};
			name = Debug;
		};
		63B2DE142A5E6D970075AEE3 /* Release */ = {
			isa = XCBuildConfiguration;
			buildSettings = {
				ASSETCATALOG_COMPILER_APPICON_NAME = AppIcon;
				ASSETCATALOG_COMPILER_GLOBAL_ACCENT_COLOR_NAME = AccentColor;
				CODE_SIGN_ENTITLEMENTS = HelloObjectiveC/HelloObjectiveC.entitlements;
				CODE_SIGN_STYLE = Automatic;
				COMBINE_HIDPI_IMAGES = YES;
				CURRENT_PROJECT_VERSION = 1;
				DEVELOPMENT_TEAM = 27D5J6PZJG;
				ENABLE_HARDENED_RUNTIME = YES;
				GENERATE_INFOPLIST_FILE = YES;
				INFOPLIST_KEY_NSHumanReadableCopyright = "";
				INFOPLIST_KEY_NSMainNibFile = MainMenu;
				INFOPLIST_KEY_NSPrincipalClass = NSApplication;
				LD_RUNPATH_SEARCH_PATHS = (
					"$(inherited)",
					"@executable_path/../Frameworks",
				);
				MARKETING_VERSION = 1.0;
				PRODUCT_BUNDLE_IDENTIFIER = com.seungjun.HelloObjectiveC;
				PRODUCT_NAME = "$(TARGET_NAME)";
				SWIFT_EMIT_LOC_STRINGS = YES;
			};
			name = Release;
		};
		63B2DE162A5E6D970075AEE3 /* Debug */ = {
			isa = XCBuildConfiguration;
			buildSettings = {
				BUNDLE_LOADER = "$(TEST_HOST)";
				CODE_SIGN_STYLE = Automatic;
				CURRENT_PROJECT_VERSION = 1;
				DEVELOPMENT_TEAM = 27D5J6PZJG;
				GENERATE_INFOPLIST_FILE = YES;
				MACOSX_DEPLOYMENT_TARGET = 13.3;
				MARKETING_VERSION = 1.0;
				PRODUCT_BUNDLE_IDENTIFIER = com.seungjun.HelloObjectiveCTests;
				PRODUCT_NAME = "$(TARGET_NAME)";
				SWIFT_EMIT_LOC_STRINGS = NO;
				TEST_HOST = "$(BUILT_PRODUCTS_DIR)/HelloObjectiveC.app/$(BUNDLE_EXECUTABLE_FOLDER_PATH)/HelloObjectiveC";
			};
			name = Debug;
		};
		63B2DE172A5E6D970075AEE3 /* Release */ = {
			isa = XCBuildConfiguration;
			buildSettings = {
				BUNDLE_LOADER = "$(TEST_HOST)";
				CODE_SIGN_STYLE = Automatic;
				CURRENT_PROJECT_VERSION = 1;
				DEVELOPMENT_TEAM = 27D5J6PZJG;
				GENERATE_INFOPLIST_FILE = YES;
				MACOSX_DEPLOYMENT_TARGET = 13.3;
				MARKETING_VERSION = 1.0;
				PRODUCT_BUNDLE_IDENTIFIER = com.seungjun.HelloObjectiveCTests;
				PRODUCT_NAME = "$(TARGET_NAME)";
				SWIFT_EMIT_LOC_STRINGS = NO;
				TEST_HOST = "$(BUILT_PRODUCTS_DIR)/HelloObjectiveC.app/$(BUNDLE_EXECUTABLE_FOLDER_PATH)/HelloObjectiveC";
			};
			name = Release;
		};
		63B2DE192A5E6D970075AEE3 /* Debug */ = {
			isa = XCBuildConfiguration;
			buildSettings = {
				CODE_SIGN_STYLE = Automatic;
				CURRENT_PROJECT_VERSION = 1;
				DEVELOPMENT_TEAM = 27D5J6PZJG;
				GENERATE_INFOPLIST_FILE = YES;
				MARKETING_VERSION = 1.0;
				PRODUCT_BUNDLE_IDENTIFIER = com.seungjun.HelloObjectiveCUITests;
				PRODUCT_NAME = "$(TARGET_NAME)";
				SWIFT_EMIT_LOC_STRINGS = NO;
				TEST_TARGET_NAME = HelloObjectiveC;
			};
			name = Debug;
		};
		63B2DE1A2A5E6D970075AEE3 /* Release */ = {
			isa = XCBuildConfiguration;
			buildSettings = {
				CODE_SIGN_STYLE = Automatic;
				CURRENT_PROJECT_VERSION = 1;
				DEVELOPMENT_TEAM = 27D5J6PZJG;
				GENERATE_INFOPLIST_FILE = YES;
				MARKETING_VERSION = 1.0;
				PRODUCT_BUNDLE_IDENTIFIER = com.seungjun.HelloObjectiveCUITests;
				PRODUCT_NAME = "$(TARGET_NAME)";
				SWIFT_EMIT_LOC_STRINGS = NO;
				TEST_TARGET_NAME = HelloObjectiveC;
			};
			name = Release;
		};
/* End XCBuildConfiguration section */

/* Begin XCConfigurationList section */
		63B2DDE72A5E6D960075AEE3 /* Build configuration list for PBXProject "HelloObjectiveC" */ = {
			isa = XCConfigurationList;
			buildConfigurations = (
				63B2DE102A5E6D970075AEE3 /* Debug */,
				63B2DE112A5E6D970075AEE3 /* Release */,
			);
			defaultConfigurationIsVisible = 0;
			defaultConfigurationName = Release;
		};
		63B2DE122A5E6D970075AEE3 /* Build configuration list for PBXNativeTarget "HelloObjectiveC" */ = {
			isa = XCConfigurationList;
			buildConfigurations = (
				63B2DE132A5E6D970075AEE3 /* Debug */,
				63B2DE142A5E6D970075AEE3 /* Release */,
			);
			defaultConfigurationIsVisible = 0;
			defaultConfigurationName = Release;
		};
		63B2DE152A5E6D970075AEE3 /* Build configuration list for PBXNativeTarget "HelloObjectiveCTests" */ = {
			isa = XCConfigurationList;
			buildConfigurations = (
				63B2DE162A5E6D970075AEE3 /* Debug */,
				63B2DE172A5E6D970075AEE3 /* Release */,
			);
			defaultConfigurationIsVisible = 0;
			defaultConfigurationName = Release;
		};
		63B2DE182A5E6D970075AEE3 /* Build configuration list for PBXNativeTarget "HelloObjectiveCUITests" */ = {
			isa = XCConfigurationList;
			buildConfigurations = (
				63B2DE192A5E6D970075AEE3 /* Debug */,
				63B2DE1A2A5E6D970075AEE3 /* Release */,
			);
			defaultConfigurationIsVisible = 0;
			defaultConfigurationName = Release;
		};
/* End XCConfigurationList section */
	};
	rootObject = 63B2DDE42A5E6D960075AEE3 /* Project object */;
}
